// !$*UTF8*$!
{
	archiveVersion = 1;
	classes = {
	};
	objectVersion = 50;
	objects = {

/* Begin PBXBuildFile section */
		4915711924482ACC00770C22 /* AppDelegate.swift in Sources */ = {isa = PBXBuildFile; fileRef = 4915711824482ACC00770C22 /* AppDelegate.swift */; };
		4915711B24482ACC00770C22 /* SceneDelegate.swift in Sources */ = {isa = PBXBuildFile; fileRef = 4915711A24482ACC00770C22 /* SceneDelegate.swift */; };
		4915711D24482ACD00770C22 /* ViewController.swift in Sources */ = {isa = PBXBuildFile; fileRef = 4915711C24482ACD00770C22 /* ViewController.swift */; };
		4915712024482ACD00770C22 /* Main.storyboard in Resources */ = {isa = PBXBuildFile; fileRef = 4915711E24482ACD00770C22 /* Main.storyboard */; };
		4915712324482ACD00770C22 /* Comfort.xcdatamodeld in Sources */ = {isa = PBXBuildFile; fileRef = 4915712124482ACD00770C22 /* Comfort.xcdatamodeld */; };
		4915712524482ACF00770C22 /* Assets.xcassets in Resources */ = {isa = PBXBuildFile; fileRef = 4915712424482ACF00770C22 /* Assets.xcassets */; };
		4915712824482ACF00770C22 /* LaunchScreen.storyboard in Resources */ = {isa = PBXBuildFile; fileRef = 4915712624482ACF00770C22 /* LaunchScreen.storyboard */; };
		4915713324482ACF00770C22 /* ComfortTests.swift in Sources */ = {isa = PBXBuildFile; fileRef = 4915713224482ACF00770C22 /* ComfortTests.swift */; };
		4915713E24482ACF00770C22 /* ComfortUITests.swift in Sources */ = {isa = PBXBuildFile; fileRef = 4915713D24482ACF00770C22 /* ComfortUITests.swift */; };
		4915714E2448E2FB00770C22 /* ExternalAccessory.framework in Frameworks */ = {isa = PBXBuildFile; fileRef = 4915714D2448E2FB00770C22 /* ExternalAccessory.framework */; };
/* End PBXBuildFile section */

/* Begin PBXContainerItemProxy section */
		4915712F24482ACF00770C22 /* PBXContainerItemProxy */ = {
			isa = PBXContainerItemProxy;
			containerPortal = 4915710D24482ACC00770C22 /* Project object */;
			proxyType = 1;
			remoteGlobalIDString = 4915711424482ACC00770C22;
			remoteInfo = Comfort;
		};
		4915713A24482ACF00770C22 /* PBXContainerItemProxy */ = {
			isa = PBXContainerItemProxy;
			containerPortal = 4915710D24482ACC00770C22 /* Project object */;
			proxyType = 1;
			remoteGlobalIDString = 4915711424482ACC00770C22;
			remoteInfo = Comfort;
		};
/* End PBXContainerItemProxy section */

/* Begin PBXFileReference section */
		4915711524482ACC00770C22 /* Comfort.app */ = {isa = PBXFileReference; explicitFileType = wrapper.application; includeInIndex = 0; path = Comfort.app; sourceTree = BUILT_PRODUCTS_DIR; };
		4915711824482ACC00770C22 /* AppDelegate.swift */ = {isa = PBXFileReference; lastKnownFileType = sourcecode.swift; path = AppDelegate.swift; sourceTree = "<group>"; };
		4915711A24482ACC00770C22 /* SceneDelegate.swift */ = {isa = PBXFileReference; lastKnownFileType = sourcecode.swift; path = SceneDelegate.swift; sourceTree = "<group>"; };
		4915711C24482ACD00770C22 /* ViewController.swift */ = {isa = PBXFileReference; lastKnownFileType = sourcecode.swift; path = ViewController.swift; sourceTree = "<group>"; };
		4915711F24482ACD00770C22 /* Base */ = {isa = PBXFileReference; lastKnownFileType = file.storyboard; name = Base; path = Base.lproj/Main.storyboard; sourceTree = "<group>"; };
		4915712224482ACD00770C22 /* Comfort.xcdatamodel */ = {isa = PBXFileReference; lastKnownFileType = wrapper.xcdatamodel; path = Comfort.xcdatamodel; sourceTree = "<group>"; };
		4915712424482ACF00770C22 /* Assets.xcassets */ = {isa = PBXFileReference; lastKnownFileType = folder.assetcatalog; path = Assets.xcassets; sourceTree = "<group>"; };
		4915712724482ACF00770C22 /* Base */ = {isa = PBXFileReference; lastKnownFileType = file.storyboard; name = Base; path = Base.lproj/LaunchScreen.storyboard; sourceTree = "<group>"; };
		4915712924482ACF00770C22 /* Info.plist */ = {isa = PBXFileReference; lastKnownFileType = text.plist.xml; path = Info.plist; sourceTree = "<group>"; };
		4915712E24482ACF00770C22 /* ComfortTests.xctest */ = {isa = PBXFileReference; explicitFileType = wrapper.cfbundle; includeInIndex = 0; path = ComfortTests.xctest; sourceTree = BUILT_PRODUCTS_DIR; };
		4915713224482ACF00770C22 /* ComfortTests.swift */ = {isa = PBXFileReference; lastKnownFileType = sourcecode.swift; path = ComfortTests.swift; sourceTree = "<group>"; };
		4915713424482ACF00770C22 /* Info.plist */ = {isa = PBXFileReference; lastKnownFileType = text.plist.xml; path = Info.plist; sourceTree = "<group>"; };
		4915713924482ACF00770C22 /* ComfortUITests.xctest */ = {isa = PBXFileReference; explicitFileType = wrapper.cfbundle; includeInIndex = 0; path = ComfortUITests.xctest; sourceTree = BUILT_PRODUCTS_DIR; };
		4915713D24482ACF00770C22 /* ComfortUITests.swift */ = {isa = PBXFileReference; lastKnownFileType = sourcecode.swift; path = ComfortUITests.swift; sourceTree = "<group>"; };
		4915713F24482ACF00770C22 /* Info.plist */ = {isa = PBXFileReference; lastKnownFileType = text.plist.xml; path = Info.plist; sourceTree = "<group>"; };
		4915714B2448E2FA00770C22 /* Comfort.entitlements */ = {isa = PBXFileReference; lastKnownFileType = text.plist.entitlements; path = Comfort.entitlements; sourceTree = "<group>"; };
		4915714D2448E2FB00770C22 /* ExternalAccessory.framework */ = {isa = PBXFileReference; lastKnownFileType = wrapper.framework; name = ExternalAccessory.framework; path = System/Library/Frameworks/ExternalAccessory.framework; sourceTree = SDKROOT; };
/* End PBXFileReference section */

/* Begin PBXFrameworksBuildPhase section */
		4915711224482ACC00770C22 /* Frameworks */ = {
			isa = PBXFrameworksBuildPhase;
			buildActionMask = 2147483647;
			files = (
				4915714E2448E2FB00770C22 /* ExternalAccessory.framework in Frameworks */,
			);
			runOnlyForDeploymentPostprocessing = 0;
		};
		4915712B24482ACF00770C22 /* Frameworks */ = {
			isa = PBXFrameworksBuildPhase;
			buildActionMask = 2147483647;
			files = (
			);
			runOnlyForDeploymentPostprocessing = 0;
		};
		4915713624482ACF00770C22 /* Frameworks */ = {
			isa = PBXFrameworksBuildPhase;
			buildActionMask = 2147483647;
			files = (
			);
			runOnlyForDeploymentPostprocessing = 0;
		};
/* End PBXFrameworksBuildPhase section */

/* Begin PBXGroup section */
		4915710C24482ACC00770C22 = {
			isa = PBXGroup;
			children = (
				4915711724482ACC00770C22 /* Comfort */,
				4915713124482ACF00770C22 /* ComfortTests */,
				4915713C24482ACF00770C22 /* ComfortUITests */,
				4915711624482ACC00770C22 /* Products */,
				4915714C2448E2FB00770C22 /* Frameworks */,
			);
			sourceTree = "<group>";
		};
		4915711624482ACC00770C22 /* Products */ = {
			isa = PBXGroup;
			children = (
				4915711524482ACC00770C22 /* Comfort.app */,
				4915712E24482ACF00770C22 /* ComfortTests.xctest */,
				4915713924482ACF00770C22 /* ComfortUITests.xctest */,
			);
			name = Products;
			sourceTree = "<group>";
		};
		4915711724482ACC00770C22 /* Comfort */ = {
			isa = PBXGroup;
			children = (
				4915714B2448E2FA00770C22 /* Comfort.entitlements */,
				4915711824482ACC00770C22 /* AppDelegate.swift */,
				4915711A24482ACC00770C22 /* SceneDelegate.swift */,
				4915711C24482ACD00770C22 /* ViewController.swift */,
				4915711E24482ACD00770C22 /* Main.storyboard */,
				4915712424482ACF00770C22 /* Assets.xcassets */,
				4915712624482ACF00770C22 /* LaunchScreen.storyboard */,
				4915712924482ACF00770C22 /* Info.plist */,
				4915712124482ACD00770C22 /* Comfort.xcdatamodeld */,
			);
			path = Comfort;
			sourceTree = "<group>";
		};
		4915713124482ACF00770C22 /* ComfortTests */ = {
			isa = PBXGroup;
			children = (
				4915713224482ACF00770C22 /* ComfortTests.swift */,
				4915713424482ACF00770C22 /* Info.plist */,
			);
			path = ComfortTests;
			sourceTree = "<group>";
		};
		4915713C24482ACF00770C22 /* ComfortUITests */ = {
			isa = PBXGroup;
			children = (
				4915713D24482ACF00770C22 /* ComfortUITests.swift */,
				4915713F24482ACF00770C22 /* Info.plist */,
			);
			path = ComfortUITests;
			sourceTree = "<group>";
		};
		4915714C2448E2FB00770C22 /* Frameworks */ = {
			isa = PBXGroup;
			children = (
				4915714D2448E2FB00770C22 /* ExternalAccessory.framework */,
			);
			name = Frameworks;
			sourceTree = "<group>";
		};
/* End PBXGroup section */

/* Begin PBXNativeTarget section */
		4915711424482ACC00770C22 /* Comfort */ = {
			isa = PBXNativeTarget;
			buildConfigurationList = 4915714224482ACF00770C22 /* Build configuration list for PBXNativeTarget "Comfort" */;
			buildPhases = (
				4915711124482ACC00770C22 /* Sources */,
				4915711224482ACC00770C22 /* Frameworks */,
				4915711324482ACC00770C22 /* Resources */,
			);
			buildRules = (
			);
			dependencies = (
			);
			name = Comfort;
			productName = Comfort;
			productReference = 4915711524482ACC00770C22 /* Comfort.app */;
			productType = "com.apple.product-type.application";
		};
		4915712D24482ACF00770C22 /* ComfortTests */ = {
			isa = PBXNativeTarget;
			buildConfigurationList = 4915714524482ACF00770C22 /* Build configuration list for PBXNativeTarget "ComfortTests" */;
			buildPhases = (
				4915712A24482ACF00770C22 /* Sources */,
				4915712B24482ACF00770C22 /* Frameworks */,
				4915712C24482ACF00770C22 /* Resources */,
			);
			buildRules = (
			);
			dependencies = (
				4915713024482ACF00770C22 /* PBXTargetDependency */,
			);
			name = ComfortTests;
			productName = ComfortTests;
			productReference = 4915712E24482ACF00770C22 /* ComfortTests.xctest */;
			productType = "com.apple.product-type.bundle.unit-test";
		};
		4915713824482ACF00770C22 /* ComfortUITests */ = {
			isa = PBXNativeTarget;
			buildConfigurationList = 4915714824482ACF00770C22 /* Build configuration list for PBXNativeTarget "ComfortUITests" */;
			buildPhases = (
				4915713524482ACF00770C22 /* Sources */,
				4915713624482ACF00770C22 /* Frameworks */,
				4915713724482ACF00770C22 /* Resources */,
			);
			buildRules = (
			);
			dependencies = (
				4915713B24482ACF00770C22 /* PBXTargetDependency */,
			);
			name = ComfortUITests;
			productName = ComfortUITests;
			productReference = 4915713924482ACF00770C22 /* ComfortUITests.xctest */;
			productType = "com.apple.product-type.bundle.ui-testing";
		};
/* End PBXNativeTarget section */

/* Begin PBXProject section */
		4915710D24482ACC00770C22 /* Project object */ = {
			isa = PBXProject;
			attributes = {
				LastSwiftUpdateCheck = 1140;
				LastUpgradeCheck = 1140;
				ORGANIZATIONNAME = "Neel Banerjee";
				TargetAttributes = {
					4915711424482ACC00770C22 = {
						CreatedOnToolsVersion = 11.4.1;
					};
					4915712D24482ACF00770C22 = {
						CreatedOnToolsVersion = 11.4.1;
						TestTargetID = 4915711424482ACC00770C22;
					};
					4915713824482ACF00770C22 = {
						CreatedOnToolsVersion = 11.4.1;
						TestTargetID = 4915711424482ACC00770C22;
					};
				};
			};
			buildConfigurationList = 4915711024482ACC00770C22 /* Build configuration list for PBXProject "Comfort" */;
			compatibilityVersion = "Xcode 9.3";
			developmentRegion = en;
			hasScannedForEncodings = 0;
			knownRegions = (
				en,
				Base,
			);
			mainGroup = 4915710C24482ACC00770C22;
			productRefGroup = 4915711624482ACC00770C22 /* Products */;
			projectDirPath = "";
			projectRoot = "";
			targets = (
				4915711424482ACC00770C22 /* Comfort */,
				4915712D24482ACF00770C22 /* ComfortTests */,
				4915713824482ACF00770C22 /* ComfortUITests */,
			);
		};
/* End PBXProject section */

/* Begin PBXResourcesBuildPhase section */
		4915711324482ACC00770C22 /* Resources */ = {
			isa = PBXResourcesBuildPhase;
			buildActionMask = 2147483647;
			files = (
				4915712824482ACF00770C22 /* LaunchScreen.storyboard in Resources */,
				4915712524482ACF00770C22 /* Assets.xcassets in Resources */,
				4915712024482ACD00770C22 /* Main.storyboard in Resources */,
			);
			runOnlyForDeploymentPostprocessing = 0;
		};
		4915712C24482ACF00770C22 /* Resources */ = {
			isa = PBXResourcesBuildPhase;
			buildActionMask = 2147483647;
			files = (
			);
			runOnlyForDeploymentPostprocessing = 0;
		};
		4915713724482ACF00770C22 /* Resources */ = {
			isa = PBXResourcesBuildPhase;
			buildActionMask = 2147483647;
			files = (
			);
			runOnlyForDeploymentPostprocessing = 0;
		};
/* End PBXResourcesBuildPhase section */

/* Begin PBXSourcesBuildPhase section */
		4915711124482ACC00770C22 /* Sources */ = {
			isa = PBXSourcesBuildPhase;
			buildActionMask = 2147483647;
			files = (
				4915711D24482ACD00770C22 /* ViewController.swift in Sources */,
				4915711924482ACC00770C22 /* AppDelegate.swift in Sources */,
				4915712324482ACD00770C22 /* Comfort.xcdatamodeld in Sources */,
				4915711B24482ACC00770C22 /* SceneDelegate.swift in Sources */,
			);
			runOnlyForDeploymentPostprocessing = 0;
		};
		4915712A24482ACF00770C22 /* Sources */ = {
			isa = PBXSourcesBuildPhase;
			buildActionMask = 2147483647;
			files = (
				4915713324482ACF00770C22 /* ComfortTests.swift in Sources */,
			);
			runOnlyForDeploymentPostprocessing = 0;
		};
		4915713524482ACF00770C22 /* Sources */ = {
			isa = PBXSourcesBuildPhase;
			buildActionMask = 2147483647;
			files = (
				4915713E24482ACF00770C22 /* ComfortUITests.swift in Sources */,
			);
			runOnlyForDeploymentPostprocessing = 0;
		};
/* End PBXSourcesBuildPhase section */

/* Begin PBXTargetDependency section */
		4915713024482ACF00770C22 /* PBXTargetDependency */ = {
			isa = PBXTargetDependency;
			target = 4915711424482ACC00770C22 /* Comfort */;
			targetProxy = 4915712F24482ACF00770C22 /* PBXContainerItemProxy */;
		};
		4915713B24482ACF00770C22 /* PBXTargetDependency */ = {
			isa = PBXTargetDependency;
			target = 4915711424482ACC00770C22 /* Comfort */;
			targetProxy = 4915713A24482ACF00770C22 /* PBXContainerItemProxy */;
		};
/* End PBXTargetDependency section */

/* Begin PBXVariantGroup section */
		4915711E24482ACD00770C22 /* Main.storyboard */ = {
			isa = PBXVariantGroup;
			children = (
				4915711F24482ACD00770C22 /* Base */,
			);
			name = Main.storyboard;
			sourceTree = "<group>";
		};
		4915712624482ACF00770C22 /* LaunchScreen.storyboard */ = {
			isa = PBXVariantGroup;
			children = (
				4915712724482ACF00770C22 /* Base */,
			);
			name = LaunchScreen.storyboard;
			sourceTree = "<group>";
		};
/* End PBXVariantGroup section */

/* Begin XCBuildConfiguration section */
		4915714024482ACF00770C22 /* Debug */ = {
			isa = XCBuildConfiguration;
			buildSettings = {
				ALWAYS_SEARCH_USER_PATHS = NO;
				CLANG_ANALYZER_NONNULL = YES;
				CLANG_ANALYZER_NUMBER_OBJECT_CONVERSION = YES_AGGRESSIVE;
				CLANG_CXX_LANGUAGE_STANDARD = "gnu++14";
				CLANG_CXX_LIBRARY = "libc++";
				CLANG_ENABLE_MODULES = YES;
				CLANG_ENABLE_OBJC_ARC = YES;
				CLANG_ENABLE_OBJC_WEAK = YES;
				CLANG_WARN_BLOCK_CAPTURE_AUTORELEASING = YES;
				CLANG_WARN_BOOL_CONVERSION = YES;
				CLANG_WARN_COMMA = YES;
				CLANG_WARN_CONSTANT_CONVERSION = YES;
				CLANG_WARN_DEPRECATED_OBJC_IMPLEMENTATIONS = YES;
				CLANG_WARN_DIRECT_OBJC_ISA_USAGE = YES_ERROR;
				CLANG_WARN_DOCUMENTATION_COMMENTS = YES;
				CLANG_WARN_EMPTY_BODY = YES;
				CLANG_WARN_ENUM_CONVERSION = YES;
				CLANG_WARN_INFINITE_RECURSION = YES;
				CLANG_WARN_INT_CONVERSION = YES;
				CLANG_WARN_NON_LITERAL_NULL_CONVERSION = YES;
				CLANG_WARN_OBJC_IMPLICIT_RETAIN_SELF = YES;
				CLANG_WARN_OBJC_LITERAL_CONVERSION = YES;
				CLANG_WARN_OBJC_ROOT_CLASS = YES_ERROR;
				CLANG_WARN_RANGE_LOOP_ANALYSIS = YES;
				CLANG_WARN_STRICT_PROTOTYPES = YES;
				CLANG_WARN_SUSPICIOUS_MOVE = YES;
				CLANG_WARN_UNGUARDED_AVAILABILITY = YES_AGGRESSIVE;
				CLANG_WARN_UNREACHABLE_CODE = YES;
				CLANG_WARN__DUPLICATE_METHOD_MATCH = YES;
				COPY_PHASE_STRIP = NO;
				DEBUG_INFORMATION_FORMAT = dwarf;
				ENABLE_STRICT_OBJC_MSGSEND = YES;
				ENABLE_TESTABILITY = YES;
				GCC_C_LANGUAGE_STANDARD = gnu11;
				GCC_DYNAMIC_NO_PIC = NO;
				GCC_NO_COMMON_BLOCKS = YES;
				GCC_OPTIMIZATION_LEVEL = 0;
				GCC_PREPROCESSOR_DEFINITIONS = (
					"DEBUG=1",
					"$(inherited)",
				);
				GCC_WARN_64_TO_32_BIT_CONVERSION = YES;
				GCC_WARN_ABOUT_RETURN_TYPE = YES_ERROR;
				GCC_WARN_UNDECLARED_SELECTOR = YES;
				GCC_WARN_UNINITIALIZED_AUTOS = YES_AGGRESSIVE;
				GCC_WARN_UNUSED_FUNCTION = YES;
				GCC_WARN_UNUSED_VARIABLE = YES;
				IPHONEOS_DEPLOYMENT_TARGET = 13.4;
				MTL_ENABLE_DEBUG_INFO = INCLUDE_SOURCE;
				MTL_FAST_MATH = YES;
				ONLY_ACTIVE_ARCH = YES;
				SDKROOT = iphoneos;
				SWIFT_ACTIVE_COMPILATION_CONDITIONS = DEBUG;
				SWIFT_OPTIMIZATION_LEVEL = "-Onone";
			};
			name = Debug;
		};
		4915714124482ACF00770C22 /* Release */ = {
			isa = XCBuildConfiguration;
			buildSettings = {
				ALWAYS_SEARCH_USER_PATHS = NO;
				CLANG_ANALYZER_NONNULL = YES;
				CLANG_ANALYZER_NUMBER_OBJECT_CONVERSION = YES_AGGRESSIVE;
				CLANG_CXX_LANGUAGE_STANDARD = "gnu++14";
				CLANG_CXX_LIBRARY = "libc++";
				CLANG_ENABLE_MODULES = YES;
				CLANG_ENABLE_OBJC_ARC = YES;
				CLANG_ENABLE_OBJC_WEAK = YES;
				CLANG_WARN_BLOCK_CAPTURE_AUTORELEASING = YES;
				CLANG_WARN_BOOL_CONVERSION = YES;
				CLANG_WARN_COMMA = YES;
				CLANG_WARN_CONSTANT_CONVERSION = YES;
				CLANG_WARN_DEPRECATED_OBJC_IMPLEMENTATIONS = YES;
				CLANG_WARN_DIRECT_OBJC_ISA_USAGE = YES_ERROR;
				CLANG_WARN_DOCUMENTATION_COMMENTS = YES;
				CLANG_WARN_EMPTY_BODY = YES;
				CLANG_WARN_ENUM_CONVERSION = YES;
				CLANG_WARN_INFINITE_RECURSION = YES;
				CLANG_WARN_INT_CONVERSION = YES;
				CLANG_WARN_NON_LITERAL_NULL_CONVERSION = YES;
				CLANG_WARN_OBJC_IMPLICIT_RETAIN_SELF = YES;
				CLANG_WARN_OBJC_LITERAL_CONVERSION = YES;
				CLANG_WARN_OBJC_ROOT_CLASS = YES_ERROR;
				CLANG_WARN_RANGE_LOOP_ANALYSIS = YES;
				CLANG_WARN_STRICT_PROTOTYPES = YES;
				CLANG_WARN_SUSPICIOUS_MOVE = YES;
				CLANG_WARN_UNGUARDED_AVAILABILITY = YES_AGGRESSIVE;
				CLANG_WARN_UNREACHABLE_CODE = YES;
				CLANG_WARN__DUPLICATE_METHOD_MATCH = YES;
				COPY_PHASE_STRIP = NO;
				DEBUG_INFORMATION_FORMAT = "dwarf-with-dsym";
				ENABLE_NS_ASSERTIONS = NO;
				ENABLE_STRICT_OBJC_MSGSEND = YES;
				GCC_C_LANGUAGE_STANDARD = gnu11;
				GCC_NO_COMMON_BLOCKS = YES;
				GCC_WARN_64_TO_32_BIT_CONVERSION = YES;
				GCC_WARN_ABOUT_RETURN_TYPE = YES_ERROR;
				GCC_WARN_UNDECLARED_SELECTOR = YES;
				GCC_WARN_UNINITIALIZED_AUTOS = YES_AGGRESSIVE;
				GCC_WARN_UNUSED_FUNCTION = YES;
				GCC_WARN_UNUSED_VARIABLE = YES;
				IPHONEOS_DEPLOYMENT_TARGET = 13.4;
				MTL_ENABLE_DEBUG_INFO = NO;
				MTL_FAST_MATH = YES;
				SDKROOT = iphoneos;
				SWIFT_COMPILATION_MODE = wholemodule;
				SWIFT_OPTIMIZATION_LEVEL = "-O";
				VALIDATE_PRODUCT = YES;
			};
			name = Release;
		};
		4915714324482ACF00770C22 /* Debug */ = {
			isa = XCBuildConfiguration;
			buildSettings = {
				ASSETCATALOG_COMPILER_APPICON_NAME = AppIcon;
				CODE_SIGN_ENTITLEMENTS = Comfort/Comfort.entitlements;
				CODE_SIGN_STYLE = Automatic;
				DEVELOPMENT_TEAM = LKNVXTGBK2;
				INFOPLIST_FILE = Comfort/Info.plist;
				IPHONEOS_DEPLOYMENT_TARGET = 13.0;
				LD_RUNPATH_SEARCH_PATHS = (
					"$(inherited)",
					"@executable_path/Frameworks",
				);
				PRODUCT_BUNDLE_IDENTIFIER = org.siliconbox.Comfort;
				PRODUCT_NAME = "$(TARGET_NAME)";
				SWIFT_VERSION = 5.0;
				TARGETED_DEVICE_FAMILY = "1,2";
			};
			name = Debug;
		};
		4915714424482ACF00770C22 /* Release */ = {
			isa = XCBuildConfiguration;
			buildSettings = {
				ASSETCATALOG_COMPILER_APPICON_NAME = AppIcon;
				CODE_SIGN_ENTITLEMENTS = Comfort/Comfort.entitlements;
				CODE_SIGN_STYLE = Automatic;
				DEVELOPMENT_TEAM = LKNVXTGBK2;
				INFOPLIST_FILE = Comfort/Info.plist;
				IPHONEOS_DEPLOYMENT_TARGET = 13.0;
				LD_RUNPATH_SEARCH_PATHS = (
					"$(inherited)",
					"@executable_path/Frameworks",
				);
				PRODUCT_BUNDLE_IDENTIFIER = org.siliconbox.Comfort;
				PRODUCT_NAME = "$(TARGET_NAME)";
				SWIFT_VERSION = 5.0;
				TARGETED_DEVICE_FAMILY = "1,2";
			};
			name = Release;
		};
		4915714624482ACF00770C22 /* Debug */ = {
			isa = XCBuildConfiguration;
			buildSettings = {
				ALWAYS_EMBED_SWIFT_STANDARD_LIBRARIES = YES;
				BUNDLE_LOADER = "$(TEST_HOST)";
				CODE_SIGN_STYLE = Automatic;
				DEVELOPMENT_TEAM = LKNVXTGBK2;
				INFOPLIST_FILE = ComfortTests/Info.plist;
				IPHONEOS_DEPLOYMENT_TARGET = 13.4;
				LD_RUNPATH_SEARCH_PATHS = (
					"$(inherited)",
					"@executable_path/Frameworks",
					"@loader_path/Frameworks",
				);
				PRODUCT_BUNDLE_IDENTIFIER = org.siliconbox.ComfortTests;
				PRODUCT_NAME = "$(TARGET_NAME)";
				SWIFT_VERSION = 5.0;
				TARGETED_DEVICE_FAMILY = "1,2";
				TEST_HOST = "$(BUILT_PRODUCTS_DIR)/Comfort.app/Comfort";
			};
			name = Debug;
		};
		4915714724482ACF00770C22 /* Release */ = {
			isa = XCBuildConfiguration;
			buildSettings = {
				ALWAYS_EMBED_SWIFT_STANDARD_LIBRARIES = YES;
				BUNDLE_LOADER = "$(TEST_HOST)";
				CODE_SIGN_STYLE = Automatic;
				DEVELOPMENT_TEAM = LKNVXTGBK2;
				INFOPLIST_FILE = ComfortTests/Info.plist;
				IPHONEOS_DEPLOYMENT_TARGET = 13.4;
				LD_RUNPATH_SEARCH_PATHS = (
					"$(inherited)",
					"@executable_path/Frameworks",
					"@loader_path/Frameworks",
				);
				PRODUCT_BUNDLE_IDENTIFIER = org.siliconbox.ComfortTests;
				PRODUCT_NAME = "$(TARGET_NAME)";
				SWIFT_VERSION = 5.0;
				TARGETED_DEVICE_FAMILY = "1,2";
				TEST_HOST = "$(BUILT_PRODUCTS_DIR)/Comfort.app/Comfort";
			};
			name = Release;
		};
		4915714924482ACF00770C22 /* Debug */ = {
			isa = XCBuildConfiguration;
			buildSettings = {
				ALWAYS_EMBED_SWIFT_STANDARD_LIBRARIES = YES;
				CODE_SIGN_STYLE = Automatic;
				DEVELOPMENT_TEAM = LKNVXTGBK2;
				INFOPLIST_FILE = ComfortUITests/Info.plist;
				LD_RUNPATH_SEARCH_PATHS = (
					"$(inherited)",
					"@executable_path/Frameworks",
					"@loader_path/Frameworks",
				);
				PRODUCT_BUNDLE_IDENTIFIER = org.siliconbox.ComfortUITests;
				PRODUCT_NAME = "$(TARGET_NAME)";
				SWIFT_VERSION = 5.0;
				TARGETED_DEVICE_FAMILY = "1,2";
				TEST_TARGET_NAME = Comfort;
			};
			name = Debug;
		};
		4915714A24482ACF00770C22 /* Release */ = {
			isa = XCBuildConfiguration;
			buildSettings = {
				ALWAYS_EMBED_SWIFT_STANDARD_LIBRARIES = YES;
				CODE_SIGN_STYLE = Automatic;
				DEVELOPMENT_TEAM = LKNVXTGBK2;
				INFOPLIST_FILE = ComfortUITests/Info.plist;
				LD_RUNPATH_SEARCH_PATHS = (
					"$(inherited)",
					"@executable_path/Frameworks",
					"@loader_path/Frameworks",
				);
				PRODUCT_BUNDLE_IDENTIFIER = org.siliconbox.ComfortUITests;
				PRODUCT_NAME = "$(TARGET_NAME)";
				SWIFT_VERSION = 5.0;
				TARGETED_DEVICE_FAMILY = "1,2";
				TEST_TARGET_NAME = Comfort;
			};
			name = Release;
		};
/* End XCBuildConfiguration section */

/* Begin XCConfigurationList section */
		4915711024482ACC00770C22 /* Build configuration list for PBXProject "Comfort" */ = {
			isa = XCConfigurationList;
			buildConfigurations = (
				4915714024482ACF00770C22 /* Debug */,
				4915714124482ACF00770C22 /* Release */,
			);
			defaultConfigurationIsVisible = 0;
			defaultConfigurationName = Release;
		};
		4915714224482ACF00770C22 /* Build configuration list for PBXNativeTarget "Comfort" */ = {
			isa = XCConfigurationList;
			buildConfigurations = (
				4915714324482ACF00770C22 /* Debug */,
				4915714424482ACF00770C22 /* Release */,
			);
			defaultConfigurationIsVisible = 0;
			defaultConfigurationName = Release;
		};
		4915714524482ACF00770C22 /* Build configuration list for PBXNativeTarget "ComfortTests" */ = {
			isa = XCConfigurationList;
			buildConfigurations = (
				4915714624482ACF00770C22 /* Debug */,
				4915714724482ACF00770C22 /* Release */,
			);
			defaultConfigurationIsVisible = 0;
			defaultConfigurationName = Release;
		};
		4915714824482ACF00770C22 /* Build configuration list for PBXNativeTarget "ComfortUITests" */ = {
			isa = XCConfigurationList;
			buildConfigurations = (
				4915714924482ACF00770C22 /* Debug */,
				4915714A24482ACF00770C22 /* Release */,
			);
			defaultConfigurationIsVisible = 0;
			defaultConfigurationName = Release;
		};
/* End XCConfigurationList section */

/* Begin XCVersionGroup section */
		4915712124482ACD00770C22 /* Comfort.xcdatamodeld */ = {
			isa = XCVersionGroup;
			children = (
				4915712224482ACD00770C22 /* Comfort.xcdatamodel */,
			);
			currentVersion = 4915712224482ACD00770C22 /* Comfort.xcdatamodel */;
			path = Comfort.xcdatamodeld;
			sourceTree = "<group>";
			versionGroupType = wrapper.xcdatamodel;
		};
/* End XCVersionGroup section */
	};
	rootObject = 4915710D24482ACC00770C22 /* Project object */;
}
